
Microsoft Visual Studio Solution File, Format Version 12.00
# Visual Studio 15
VisualStudioVersion = 15.0.28010.2003
MinimumVisualStudioVersion = 10.0.40219.1
Project("{8BC9CEB8-8B4A-11D0-8D11-00A0C91BC942}") = "ch1Q1", "ch1Q1\ch1Q1.vcxproj", "{5C591F1C-0A0D-4648-8F6C-A4FC39C0BE61}"
EndProject
Global
	GlobalSection(SolutionConfigurationPlatforms) = preSolution
		Debug|x64 = Debug|x64
		Debug|x86 = Debug|x86
		Release|x64 = Release|x64
		Release|x86 = Release|x86
	EndGlobalSection
	GlobalSection(ProjectConfigurationPlatforms) = postSolution
		{5C591F1C-0A0D-4648-8F6C-A4FC39C0BE61}.Debug|x64.ActiveCfg = Debug|x64
		{5C591F1C-0A0D-4648-8F6C-A4FC39C0BE61}.Debug|x64.Build.0 = Debug|x64
		{5C591F1C-0A0D-4648-8F6C-A4FC39C0BE61}.Debug|x86.ActiveCfg = Debug|Win32
		{5C591F1C-0A0D-4648-8F6C-A4FC39C0BE61}.Debug|x86.Build.0 = Debug|Win32
		{5C591F1C-0A0D-4648-8F6C-A4FC39C0BE61}.Release|x64.ActiveCfg = Release|x64
		{5C591F1C-0A0D-4648-8F6C-A4FC39C0BE61}.Release|x64.Build.0 = Release|x64
		{5C591F1C-0A0D-4648-8F6C-A4FC39C0BE61}.Release|x86.ActiveCfg = Release|Win32
		{5C591F1C-0A0D-4648-8F6C-A4FC39C0BE61}.Release|x86.Build.0 = Release|Win32
	EndGlobalSection
	GlobalSection(SolutionProperties) = preSolution
		HideSolutionNode = FALSE
	EndGlobalSection
	GlobalSection(ExtensibilityGlobals) = postSolution
		SolutionGuid = {5C9234A6-134F-41E0-A293-051027F5EE95}
	EndGlobalSection
EndGlobal
